github.com/friendsofgo/errors v0.9.1 h1:VnyCwEgi1BgGL4wAfCxBOLsSNyJ+iAwJOxh4Gbq7aI4=
github.com/friendsofgo/errors v0.9.1/go.mod h1:yCvFW5AkDIL9qn7suHVLiI/gH228n7PC4Pn44IGoTOI=
golang.org/x/xerrors v0.0.0-20190717185122-a985d3407aa7 h1:9zdDQZ7Thm29KFXgAX/+yaf3eVbP7djjWp/dXAppNCc=
golang.org/x/xerrors v0.0.0-20190717185122-a985d3407aa7/go.mod h1:I/5z698sn9Ka8TeJc9MKroUUfqBBauWjQqLJ2OPfmY0=
